
Microsoft Visual Studio Solution File, Format Version 12.00
# Visual Studio Version 16
VisualStudioVersion = 16.0.33214.272
MinimumVisualStudioVersion = 10.0.40219.1
Project("{FAE04EC0-301F-11D3-BF4B-00C04F79EFBC}") = "T3H_Cap03_Desafio", "T3H_Cap03_Desafio\T3H_Cap03_Desafio.csproj", "{130B253B-A73A-4641-AC61-64B81524B518}"
EndProject
Global
	GlobalSection(SolutionConfigurationPlatforms) = preSolution
		Debug|Any CPU = Debug|Any CPU
		Release|Any CPU = Release|Any CPU
	EndGlobalSection
	GlobalSection(ProjectConfigurationPlatforms) = postSolution
		{130B253B-A73A-4641-AC61-64B81524B518}.Debug|Any CPU.ActiveCfg = Debug|Any CPU
		{130B253B-A73A-4641-AC61-64B81524B518}.Debug|Any CPU.Build.0 = Debug|Any CPU
		{130B253B-A73A-4641-AC61-64B81524B518}.Release|Any CPU.ActiveCfg = Release|Any CPU
		{130B253B-A73A-4641-AC61-64B81524B518}.Release|Any CPU.Build.0 = Release|Any CPU
	EndGlobalSection
	GlobalSection(SolutionProperties) = preSolution
		HideSolutionNode = FALSE
	EndGlobalSection
	GlobalSection(ExtensibilityGlobals) = postSolution
		SolutionGuid = {E99EE6C3-5486-4359-B006-8188A5EB96A1}
	EndGlobalSection
EndGlobal
